// !$*UTF8*$!
{
	archiveVersion = 1;
	classes = {
	};
	objectVersion = 56;
	objects = {

/* Begin PBXBuildFile section */
		74189E6D2B1E3B9400FF8C62 /* PriceWise.storyboard in Resources */ = {isa = PBXBuildFile; fileRef = 74189E6C2B1E3B9400FF8C62 /* PriceWise.storyboard */; };
		74189E6F2B1E3BA400FF8C62 /* MasterList.storyboard in Resources */ = {isa = PBXBuildFile; fileRef = 74189E6E2B1E3BA400FF8C62 /* MasterList.storyboard */; };
		7458EF3C2B1DF10300784C7F /* AppDelegate.swift in Sources */ = {isa = PBXBuildFile; fileRef = 7458EF3B2B1DF10300784C7F /* AppDelegate.swift */; };
		7458EF3E2B1DF10300784C7F /* SceneDelegate.swift in Sources */ = {isa = PBXBuildFile; fileRef = 7458EF3D2B1DF10300784C7F /* SceneDelegate.swift */; };
		7458EF402B1DF10300784C7F /* ViewController.swift in Sources */ = {isa = PBXBuildFile; fileRef = 7458EF3F2B1DF10300784C7F /* ViewController.swift */; };
		7458EF432B1DF10400784C7F /* Main.storyboard in Resources */ = {isa = PBXBuildFile; fileRef = 7458EF412B1DF10400784C7F /* Main.storyboard */; };
		7458EF452B1DF10500784C7F /* Assets.xcassets in Resources */ = {isa = PBXBuildFile; fileRef = 7458EF442B1DF10500784C7F /* Assets.xcassets */; };
		7458EF482B1DF10500784C7F /* LaunchScreen.storyboard in Resources */ = {isa = PBXBuildFile; fileRef = 7458EF462B1DF10500784C7F /* LaunchScreen.storyboard */; };
		7458EF512B1E21C800784C7F /* FirebaseAnalytics in Frameworks */ = {isa = PBXBuildFile; productRef = 7458EF502B1E21C800784C7F /* FirebaseAnalytics */; };
		7458EF532B1E21C800784C7F /* FirebaseAnalyticsOnDeviceConversion in Frameworks */ = {isa = PBXBuildFile; productRef = 7458EF522B1E21C800784C7F /* FirebaseAnalyticsOnDeviceConversion */; };
		7458EF552B1E21C800784C7F /* FirebaseAnalyticsSwift in Frameworks */ = {isa = PBXBuildFile; productRef = 7458EF542B1E21C800784C7F /* FirebaseAnalyticsSwift */; };
		7458EF572B1E21C800784C7F /* FirebaseAnalyticsWithoutAdIdSupport in Frameworks */ = {isa = PBXBuildFile; productRef = 7458EF562B1E21C800784C7F /* FirebaseAnalyticsWithoutAdIdSupport */; };
		7458EF592B1E21C800784C7F /* FirebaseAppCheck in Frameworks */ = {isa = PBXBuildFile; productRef = 7458EF582B1E21C800784C7F /* FirebaseAppCheck */; };
		7458EF5B2B1E21C800784C7F /* FirebaseAppDistribution-Beta in Frameworks */ = {isa = PBXBuildFile; productRef = 7458EF5A2B1E21C800784C7F /* FirebaseAppDistribution-Beta */; };
		7458EF5D2B1E21C800784C7F /* FirebaseAuth in Frameworks */ = {isa = PBXBuildFile; productRef = 7458EF5C2B1E21C800784C7F /* FirebaseAuth */; };
		7458EF5F2B1E21C800784C7F /* FirebaseAuthCombine-Community in Frameworks */ = {isa = PBXBuildFile; productRef = 7458EF5E2B1E21C800784C7F /* FirebaseAuthCombine-Community */; };
		7458EF612B1E21C800784C7F /* FirebaseCrashlytics in Frameworks */ = {isa = PBXBuildFile; productRef = 7458EF602B1E21C800784C7F /* FirebaseCrashlytics */; };
		7458EF632B1E21C800784C7F /* FirebaseDatabase in Frameworks */ = {isa = PBXBuildFile; productRef = 7458EF622B1E21C800784C7F /* FirebaseDatabase */; };
		7458EF652B1E21C800784C7F /* FirebaseDatabaseSwift in Frameworks */ = {isa = PBXBuildFile; productRef = 7458EF642B1E21C800784C7F /* FirebaseDatabaseSwift */; };
		7458EF672B1E21C800784C7F /* FirebaseDynamicLinks in Frameworks */ = {isa = PBXBuildFile; productRef = 7458EF662B1E21C800784C7F /* FirebaseDynamicLinks */; };
		7458EF692B1E21C800784C7F /* FirebaseFirestore in Frameworks */ = {isa = PBXBuildFile; productRef = 7458EF682B1E21C800784C7F /* FirebaseFirestore */; };
		7458EF6B2B1E21C800784C7F /* FirebaseFirestoreCombine-Community in Frameworks */ = {isa = PBXBuildFile; productRef = 7458EF6A2B1E21C800784C7F /* FirebaseFirestoreCombine-Community */; };
		7458EF6D2B1E21C800784C7F /* FirebaseFirestoreSwift in Frameworks */ = {isa = PBXBuildFile; productRef = 7458EF6C2B1E21C800784C7F /* FirebaseFirestoreSwift */; };
		7458EF6F2B1E21C800784C7F /* FirebaseFunctions in Frameworks */ = {isa = PBXBuildFile; productRef = 7458EF6E2B1E21C800784C7F /* FirebaseFunctions */; };
		7458EF712B1E21C800784C7F /* FirebaseFunctionsCombine-Community in Frameworks */ = {isa = PBXBuildFile; productRef = 7458EF702B1E21C800784C7F /* FirebaseFunctionsCombine-Community */; };
		7458EF732B1E21C800784C7F /* FirebaseInstallations in Frameworks */ = {isa = PBXBuildFile; productRef = 7458EF722B1E21C800784C7F /* FirebaseInstallations */; };
		7458EF752B1E21C800784C7F /* FirebaseMLModelDownloader in Frameworks */ = {isa = PBXBuildFile; productRef = 7458EF742B1E21C800784C7F /* FirebaseMLModelDownloader */; };
		7458EF772B1E21C800784C7F /* FirebasePerformance in Frameworks */ = {isa = PBXBuildFile; productRef = 7458EF762B1E21C800784C7F /* FirebasePerformance */; };
		7458EF792B1E21C800784C7F /* FirebaseRemoteConfig in Frameworks */ = {isa = PBXBuildFile; productRef = 7458EF782B1E21C800784C7F /* FirebaseRemoteConfig */; };
		7458EF7B2B1E21C800784C7F /* FirebaseRemoteConfigSwift in Frameworks */ = {isa = PBXBuildFile; productRef = 7458EF7A2B1E21C800784C7F /* FirebaseRemoteConfigSwift */; };
		7458EF7D2B1E21C800784C7F /* FirebaseStorage in Frameworks */ = {isa = PBXBuildFile; productRef = 7458EF7C2B1E21C800784C7F /* FirebaseStorage */; };
		7458EF7F2B1E21C800784C7F /* FirebaseStorageCombine-Community in Frameworks */ = {isa = PBXBuildFile; productRef = 7458EF7E2B1E21C800784C7F /* FirebaseStorageCombine-Community */; };
		7458EF812B1E232100784C7F /* GoogleService-Info.plist in Resources */ = {isa = PBXBuildFile; fileRef = 7458EF802B1E232100784C7F /* GoogleService-Info.plist */; };
		74869DC82B1E30E800F33942 /* Extensions.swift in Sources */ = {isa = PBXBuildFile; fileRef = 74869DC72B1E30E800F33942 /* Extensions.swift */; };
		74869DCA2B1E311A00F33942 /* Product.swift in Sources */ = {isa = PBXBuildFile; fileRef = 74869DC92B1E311A00F33942 /* Product.swift */; };
		74869DCC2B1E31B700F33942 /* ProductComparisonVM.swift in Sources */ = {isa = PBXBuildFile; fileRef = 74869DCB2B1E31B700F33942 /* ProductComparisonVM.swift */; };
		74869DD12B1E324000F33942 /* UnitPicker.swift in Sources */ = {isa = PBXBuildFile; fileRef = 74869DD02B1E324000F33942 /* UnitPicker.swift */; };
		74869DD32B1E379B00F33942 /* ProductFromDatabase.swift in Sources */ = {isa = PBXBuildFile; fileRef = 74869DD22B1E379B00F33942 /* ProductFromDatabase.swift */; };
		74F1B97E2B1E25B10099D59E /* PriceWiseVC.swift in Sources */ = {isa = PBXBuildFile; fileRef = 74F1B97D2B1E25B10099D59E /* PriceWiseVC.swift */; };
		74F1B9802B1E25E10099D59E /* MasterListVC.swift in Sources */ = {isa = PBXBuildFile; fileRef = 74F1B97F2B1E25E10099D59E /* MasterListVC.swift */; };
/* End PBXBuildFile section */

/* Begin PBXFileReference section */
		74189E6C2B1E3B9400FF8C62 /* PriceWise.storyboard */ = {isa = PBXFileReference; lastKnownFileType = file.storyboard; path = PriceWise.storyboard; sourceTree = "<group>"; };
		74189E6E2B1E3BA400FF8C62 /* MasterList.storyboard */ = {isa = PBXFileReference; lastKnownFileType = file.storyboard; path = MasterList.storyboard; sourceTree = "<group>"; };
		7458EF382B1DF10300784C7F /* PriceWise.v2.app */ = {isa = PBXFileReference; explicitFileType = wrapper.application; includeInIndex = 0; path = PriceWise.v2.app; sourceTree = BUILT_PRODUCTS_DIR; };
		7458EF3B2B1DF10300784C7F /* AppDelegate.swift */ = {isa = PBXFileReference; lastKnownFileType = sourcecode.swift; path = AppDelegate.swift; sourceTree = "<group>"; };
		7458EF3D2B1DF10300784C7F /* SceneDelegate.swift */ = {isa = PBXFileReference; lastKnownFileType = sourcecode.swift; path = SceneDelegate.swift; sourceTree = "<group>"; };
		7458EF3F2B1DF10300784C7F /* ViewController.swift */ = {isa = PBXFileReference; lastKnownFileType = sourcecode.swift; path = ViewController.swift; sourceTree = "<group>"; };
		7458EF422B1DF10400784C7F /* Base */ = {isa = PBXFileReference; lastKnownFileType = file.storyboard; name = Base; path = Base.lproj/Main.storyboard; sourceTree = "<group>"; };
		7458EF442B1DF10500784C7F /* Assets.xcassets */ = {isa = PBXFileReference; lastKnownFileType = folder.assetcatalog; path = Assets.xcassets; sourceTree = "<group>"; };
		7458EF472B1DF10500784C7F /* Base */ = {isa = PBXFileReference; lastKnownFileType = file.storyboard; name = Base; path = Base.lproj/LaunchScreen.storyboard; sourceTree = "<group>"; };
		7458EF492B1DF10500784C7F /* Info.plist */ = {isa = PBXFileReference; lastKnownFileType = text.plist.xml; path = Info.plist; sourceTree = "<group>"; };
		7458EF802B1E232100784C7F /* GoogleService-Info.plist */ = {isa = PBXFileReference; fileEncoding = 4; lastKnownFileType = text.plist.xml; path = "GoogleService-Info.plist"; sourceTree = "<group>"; };
		74869DC72B1E30E800F33942 /* Extensions.swift */ = {isa = PBXFileReference; lastKnownFileType = sourcecode.swift; path = Extensions.swift; sourceTree = "<group>"; };
		74869DC92B1E311A00F33942 /* Product.swift */ = {isa = PBXFileReference; lastKnownFileType = sourcecode.swift; path = Product.swift; sourceTree = "<group>"; };
		74869DCB2B1E31B700F33942 /* ProductComparisonVM.swift */ = {isa = PBXFileReference; lastKnownFileType = sourcecode.swift; path = ProductComparisonVM.swift; sourceTree = "<group>"; };
		74869DD02B1E324000F33942 /* UnitPicker.swift */ = {isa = PBXFileReference; lastKnownFileType = sourcecode.swift; path = UnitPicker.swift; sourceTree = "<group>"; };
		74869DD22B1E379B00F33942 /* ProductFromDatabase.swift */ = {isa = PBXFileReference; lastKnownFileType = sourcecode.swift; path = ProductFromDatabase.swift; sourceTree = "<group>"; };
		74F1B97D2B1E25B10099D59E /* PriceWiseVC.swift */ = {isa = PBXFileReference; lastKnownFileType = sourcecode.swift; path = PriceWiseVC.swift; sourceTree = "<group>"; };
		74F1B97F2B1E25E10099D59E /* MasterListVC.swift */ = {isa = PBXFileReference; lastKnownFileType = sourcecode.swift; path = MasterListVC.swift; sourceTree = "<group>"; };
/* End PBXFileReference section */

/* Begin PBXFrameworksBuildPhase section */
		7458EF352B1DF10300784C7F /* Frameworks */ = {
			isa = PBXFrameworksBuildPhase;
			buildActionMask = 2147483647;
			files = (
				7458EF632B1E21C800784C7F /* FirebaseDatabase in Frameworks */,
				7458EF712B1E21C800784C7F /* FirebaseFunctionsCombine-Community in Frameworks */,
				7458EF772B1E21C800784C7F /* FirebasePerformance in Frameworks */,
				7458EF792B1E21C800784C7F /* FirebaseRemoteConfig in Frameworks */,
				7458EF692B1E21C800784C7F /* FirebaseFirestore in Frameworks */,
				7458EF7B2B1E21C800784C7F /* FirebaseRemoteConfigSwift in Frameworks */,
				7458EF732B1E21C800784C7F /* FirebaseInstallations in Frameworks */,
				7458EF552B1E21C800784C7F /* FirebaseAnalyticsSwift in Frameworks */,
				7458EF512B1E21C800784C7F /* FirebaseAnalytics in Frameworks */,
				7458EF532B1E21C800784C7F /* FirebaseAnalyticsOnDeviceConversion in Frameworks */,
				7458EF7F2B1E21C800784C7F /* FirebaseStorageCombine-Community in Frameworks */,
				7458EF6D2B1E21C800784C7F /* FirebaseFirestoreSwift in Frameworks */,
				7458EF7D2B1E21C800784C7F /* FirebaseStorage in Frameworks */,
				7458EF592B1E21C800784C7F /* FirebaseAppCheck in Frameworks */,
				7458EF572B1E21C800784C7F /* FirebaseAnalyticsWithoutAdIdSupport in Frameworks */,
				7458EF5D2B1E21C800784C7F /* FirebaseAuth in Frameworks */,
				7458EF612B1E21C800784C7F /* FirebaseCrashlytics in Frameworks */,
				7458EF752B1E21C800784C7F /* FirebaseMLModelDownloader in Frameworks */,
				7458EF652B1E21C800784C7F /* FirebaseDatabaseSwift in Frameworks */,
				7458EF6F2B1E21C800784C7F /* FirebaseFunctions in Frameworks */,
				7458EF5B2B1E21C800784C7F /* FirebaseAppDistribution-Beta in Frameworks */,
				7458EF5F2B1E21C800784C7F /* FirebaseAuthCombine-Community in Frameworks */,
				7458EF672B1E21C800784C7F /* FirebaseDynamicLinks in Frameworks */,
				7458EF6B2B1E21C800784C7F /* FirebaseFirestoreCombine-Community in Frameworks */,
			);
			runOnlyForDeploymentPostprocessing = 0;
		};
/* End PBXFrameworksBuildPhase section */

/* Begin PBXGroup section */
		74189E6B2B1E3B7300FF8C62 /* StoryBoards */ = {
			isa = PBXGroup;
			children = (
				7458EF412B1DF10400784C7F /* Main.storyboard */,
				74189E6C2B1E3B9400FF8C62 /* PriceWise.storyboard */,
				74189E6E2B1E3BA400FF8C62 /* MasterList.storyboard */,
			);
			path = StoryBoards;
			sourceTree = "<group>";
		};
		7458EF2F2B1DF10300784C7F = {
			isa = PBXGroup;
			children = (
				7458EF3A2B1DF10300784C7F /* PriceWise.v2 */,
				7458EF392B1DF10300784C7F /* Products */,
			);
			sourceTree = "<group>";
		};
		7458EF392B1DF10300784C7F /* Products */ = {
			isa = PBXGroup;
			children = (
				7458EF382B1DF10300784C7F /* PriceWise.v2.app */,
			);
			name = Products;
			sourceTree = "<group>";
		};
		7458EF3A2B1DF10300784C7F /* PriceWise.v2 */ = {
			isa = PBXGroup;
			children = (
				74189E6B2B1E3B7300FF8C62 /* StoryBoards */,
				74869DCF2B1E322F00F33942 /* Views */,
				74869DC62B1E30D300F33942 /* ViewModels */,
				74869DC52B1E30BB00F33942 /* Models */,
				74F1B97C2B1E257C0099D59E /* ViewControllers */,
				7458EF3B2B1DF10300784C7F /* AppDelegate.swift */,
				7458EF3D2B1DF10300784C7F /* SceneDelegate.swift */,
				74869DC72B1E30E800F33942 /* Extensions.swift */,
				7458EF442B1DF10500784C7F /* Assets.xcassets */,
				7458EF462B1DF10500784C7F /* LaunchScreen.storyboard */,
				7458EF492B1DF10500784C7F /* Info.plist */,
				7458EF802B1E232100784C7F /* GoogleService-Info.plist */,
			);
			path = PriceWise.v2;
			sourceTree = "<group>";
		};
		74869DC52B1E30BB00F33942 /* Models */ = {
			isa = PBXGroup;
			children = (
				74869DC92B1E311A00F33942 /* Product.swift */,
				74869DD22B1E379B00F33942 /* ProductFromDatabase.swift */,
			);
			path = Models;
			sourceTree = "<group>";
		};
		74869DC62B1E30D300F33942 /* ViewModels */ = {
			isa = PBXGroup;
			children = (
				74869DCB2B1E31B700F33942 /* ProductComparisonVM.swift */,
			);
			path = ViewModels;
			sourceTree = "<group>";
		};
		74869DCF2B1E322F00F33942 /* Views */ = {
			isa = PBXGroup;
			children = (
				74869DD02B1E324000F33942 /* UnitPicker.swift */,
			);
			path = Views;
			sourceTree = "<group>";
		};
		74F1B97C2B1E257C0099D59E /* ViewControllers */ = {
			isa = PBXGroup;
			children = (
				7458EF3F2B1DF10300784C7F /* ViewController.swift */,
				74F1B97D2B1E25B10099D59E /* PriceWiseVC.swift */,
				74F1B97F2B1E25E10099D59E /* MasterListVC.swift */,
			);
			path = ViewControllers;
			sourceTree = "<group>";
		};
/* End PBXGroup section */

/* Begin PBXNativeTarget section */
		7458EF372B1DF10300784C7F /* PriceWise.v2 */ = {
			isa = PBXNativeTarget;
			buildConfigurationList = 7458EF4C2B1DF10500784C7F /* Build configuration list for PBXNativeTarget "PriceWise.v2" */;
			buildPhases = (
				7458EF342B1DF10300784C7F /* Sources */,
				7458EF352B1DF10300784C7F /* Frameworks */,
				7458EF362B1DF10300784C7F /* Resources */,
			);
			buildRules = (
			);
			dependencies = (
			);
			name = PriceWise.v2;
			packageProductDependencies = (
				7458EF502B1E21C800784C7F /* FirebaseAnalytics */,
				7458EF522B1E21C800784C7F /* FirebaseAnalyticsOnDeviceConversion */,
				7458EF542B1E21C800784C7F /* FirebaseAnalyticsSwift */,
				7458EF562B1E21C800784C7F /* FirebaseAnalyticsWithoutAdIdSupport */,
				7458EF582B1E21C800784C7F /* FirebaseAppCheck */,
				7458EF5A2B1E21C800784C7F /* FirebaseAppDistribution-Beta */,
				7458EF5C2B1E21C800784C7F /* FirebaseAuth */,
				7458EF5E2B1E21C800784C7F /* FirebaseAuthCombine-Community */,
				7458EF602B1E21C800784C7F /* FirebaseCrashlytics */,
				7458EF622B1E21C800784C7F /* FirebaseDatabase */,
				7458EF642B1E21C800784C7F /* FirebaseDatabaseSwift */,
				7458EF662B1E21C800784C7F /* FirebaseDynamicLinks */,
				7458EF682B1E21C800784C7F /* FirebaseFirestore */,
				7458EF6A2B1E21C800784C7F /* FirebaseFirestoreCombine-Community */,
				7458EF6C2B1E21C800784C7F /* FirebaseFirestoreSwift */,
				7458EF6E2B1E21C800784C7F /* FirebaseFunctions */,
				7458EF702B1E21C800784C7F /* FirebaseFunctionsCombine-Community */,
				7458EF722B1E21C800784C7F /* FirebaseInstallations */,
				7458EF742B1E21C800784C7F /* FirebaseMLModelDownloader */,
				7458EF762B1E21C800784C7F /* FirebasePerformance */,
				7458EF782B1E21C800784C7F /* FirebaseRemoteConfig */,
				7458EF7A2B1E21C800784C7F /* FirebaseRemoteConfigSwift */,
				7458EF7C2B1E21C800784C7F /* FirebaseStorage */,
				7458EF7E2B1E21C800784C7F /* FirebaseStorageCombine-Community */,
			);
			productName = PriceWise.v2;
			productReference = 7458EF382B1DF10300784C7F /* PriceWise.v2.app */;
			productType = "com.apple.product-type.application";
		};
/* End PBXNativeTarget section */

/* Begin PBXProject section */
		7458EF302B1DF10300784C7F /* Project object */ = {
			isa = PBXProject;
			attributes = {
				BuildIndependentTargetsInParallel = 1;
				LastSwiftUpdateCheck = 1500;
				LastUpgradeCheck = 1500;
				TargetAttributes = {
					7458EF372B1DF10300784C7F = {
						CreatedOnToolsVersion = 15.0.1;
					};
				};
			};
			buildConfigurationList = 7458EF332B1DF10300784C7F /* Build configuration list for PBXProject "PriceWise.v2" */;
			compatibilityVersion = "Xcode 14.0";
			developmentRegion = en;
			hasScannedForEncodings = 0;
			knownRegions = (
				en,
				Base,
			);
			mainGroup = 7458EF2F2B1DF10300784C7F;
			packageReferences = (
				7458EF4F2B1E21C800784C7F /* XCRemoteSwiftPackageReference "firebase-ios-sdk" */,
			);
			productRefGroup = 7458EF392B1DF10300784C7F /* Products */;
			projectDirPath = "";
			projectRoot = "";
			targets = (
				7458EF372B1DF10300784C7F /* PriceWise.v2 */,
			);
		};
/* End PBXProject section */

/* Begin PBXResourcesBuildPhase section */
		7458EF362B1DF10300784C7F /* Resources */ = {
			isa = PBXResourcesBuildPhase;
			buildActionMask = 2147483647;
			files = (
				74189E6F2B1E3BA400FF8C62 /* MasterList.storyboard in Resources */,
				7458EF482B1DF10500784C7F /* LaunchScreen.storyboard in Resources */,
				74189E6D2B1E3B9400FF8C62 /* PriceWise.storyboard in Resources */,
				7458EF812B1E232100784C7F /* GoogleService-Info.plist in Resources */,
				7458EF452B1DF10500784C7F /* Assets.xcassets in Resources */,
				7458EF432B1DF10400784C7F /* Main.storyboard in Resources */,
			);
			runOnlyForDeploymentPostprocessing = 0;
		};
/* End PBXResourcesBuildPhase section */

/* Begin PBXSourcesBuildPhase section */
		7458EF342B1DF10300784C7F /* Sources */ = {
			isa = PBXSourcesBuildPhase;
			buildActionMask = 2147483647;
			files = (
				74F1B9802B1E25E10099D59E /* MasterListVC.swift in Sources */,
				74869DC82B1E30E800F33942 /* Extensions.swift in Sources */,
				74F1B97E2B1E25B10099D59E /* PriceWiseVC.swift in Sources */,
				74869DCC2B1E31B700F33942 /* ProductComparisonVM.swift in Sources */,
				74869DD32B1E379B00F33942 /* ProductFromDatabase.swift in Sources */,
				7458EF402B1DF10300784C7F /* ViewController.swift in Sources */,
				74869DD12B1E324000F33942 /* UnitPicker.swift in Sources */,
				7458EF3C2B1DF10300784C7F /* AppDelegate.swift in Sources */,
				7458EF3E2B1DF10300784C7F /* SceneDelegate.swift in Sources */,
				74869DCA2B1E311A00F33942 /* Product.swift in Sources */,
			);
			runOnlyForDeploymentPostprocessing = 0;
		};
/* End PBXSourcesBuildPhase section */

/* Begin PBXVariantGroup section */
		7458EF412B1DF10400784C7F /* Main.storyboard */ = {
			isa = PBXVariantGroup;
			children = (
				7458EF422B1DF10400784C7F /* Base */,
			);
			name = Main.storyboard;
			sourceTree = "<group>";
		};
		7458EF462B1DF10500784C7F /* LaunchScreen.storyboard */ = {
			isa = PBXVariantGroup;
			children = (
				7458EF472B1DF10500784C7F /* Base */,
			);
			name = LaunchScreen.storyboard;
			sourceTree = "<group>";
		};
/* End PBXVariantGroup section */

/* Begin XCBuildConfiguration section */
		7458EF4A2B1DF10500784C7F /* Debug */ = {
			isa = XCBuildConfiguration;
			buildSettings = {
				ALWAYS_SEARCH_USER_PATHS = NO;
				ASSETCATALOG_COMPILER_GENERATE_SWIFT_ASSET_SYMBOL_EXTENSIONS = YES;
				CLANG_ANALYZER_NONNULL = YES;
				CLANG_ANALYZER_NUMBER_OBJECT_CONVERSION = YES_AGGRESSIVE;
				CLANG_CXX_LANGUAGE_STANDARD = "gnu++20";
				CLANG_ENABLE_MODULES = YES;
				CLANG_ENABLE_OBJC_ARC = YES;
				CLANG_ENABLE_OBJC_WEAK = YES;
				CLANG_WARN_BLOCK_CAPTURE_AUTORELEASING = YES;
				CLANG_WARN_BOOL_CONVERSION = YES;
				CLANG_WARN_COMMA = YES;
				CLANG_WARN_CONSTANT_CONVERSION = YES;
				CLANG_WARN_DEPRECATED_OBJC_IMPLEMENTATIONS = YES;
				CLANG_WARN_DIRECT_OBJC_ISA_USAGE = YES_ERROR;
				CLANG_WARN_DOCUMENTATION_COMMENTS = YES;
				CLANG_WARN_EMPTY_BODY = YES;
				CLANG_WARN_ENUM_CONVERSION = YES;
				CLANG_WARN_INFINITE_RECURSION = YES;
				CLANG_WARN_INT_CONVERSION = YES;
				CLANG_WARN_NON_LITERAL_NULL_CONVERSION = YES;
				CLANG_WARN_OBJC_IMPLICIT_RETAIN_SELF = YES;
				CLANG_WARN_OBJC_LITERAL_CONVERSION = YES;
				CLANG_WARN_OBJC_ROOT_CLASS = YES_ERROR;
				CLANG_WARN_QUOTED_INCLUDE_IN_FRAMEWORK_HEADER = YES;
				CLANG_WARN_RANGE_LOOP_ANALYSIS = YES;
				CLANG_WARN_STRICT_PROTOTYPES = YES;
				CLANG_WARN_SUSPICIOUS_MOVE = YES;
				CLANG_WARN_UNGUARDED_AVAILABILITY = YES_AGGRESSIVE;
				CLANG_WARN_UNREACHABLE_CODE = YES;
				CLANG_WARN__DUPLICATE_METHOD_MATCH = YES;
				COPY_PHASE_STRIP = NO;
				DEBUG_INFORMATION_FORMAT = dwarf;
				ENABLE_STRICT_OBJC_MSGSEND = YES;
				ENABLE_TESTABILITY = YES;
				ENABLE_USER_SCRIPT_SANDBOXING = YES;
				GCC_C_LANGUAGE_STANDARD = gnu17;
				GCC_DYNAMIC_NO_PIC = NO;
				GCC_NO_COMMON_BLOCKS = YES;
				GCC_OPTIMIZATION_LEVEL = 0;
				GCC_PREPROCESSOR_DEFINITIONS = (
					"DEBUG=1",
					"$(inherited)",
				);
				GCC_WARN_64_TO_32_BIT_CONVERSION = YES;
				GCC_WARN_ABOUT_RETURN_TYPE = YES_ERROR;
				GCC_WARN_UNDECLARED_SELECTOR = YES;
				GCC_WARN_UNINITIALIZED_AUTOS = YES_AGGRESSIVE;
				GCC_WARN_UNUSED_FUNCTION = YES;
				GCC_WARN_UNUSED_VARIABLE = YES;
				IPHONEOS_DEPLOYMENT_TARGET = 17.0;
				LOCALIZATION_PREFERS_STRING_CATALOGS = YES;
				MTL_ENABLE_DEBUG_INFO = INCLUDE_SOURCE;
				MTL_FAST_MATH = YES;
				ONLY_ACTIVE_ARCH = YES;
				SDKROOT = iphoneos;
				SWIFT_ACTIVE_COMPILATION_CONDITIONS = "DEBUG $(inherited)";
				SWIFT_OPTIMIZATION_LEVEL = "-Onone";
			};
			name = Debug;
		};
		7458EF4B2B1DF10500784C7F /* Release */ = {
			isa = XCBuildConfiguration;
			buildSettings = {
				ALWAYS_SEARCH_USER_PATHS = NO;
				ASSETCATALOG_COMPILER_GENERATE_SWIFT_ASSET_SYMBOL_EXTENSIONS = YES;
				CLANG_ANALYZER_NONNULL = YES;
				CLANG_ANALYZER_NUMBER_OBJECT_CONVERSION = YES_AGGRESSIVE;
				CLANG_CXX_LANGUAGE_STANDARD = "gnu++20";
				CLANG_ENABLE_MODULES = YES;
				CLANG_ENABLE_OBJC_ARC = YES;
				CLANG_ENABLE_OBJC_WEAK = YES;
				CLANG_WARN_BLOCK_CAPTURE_AUTORELEASING = YES;
				CLANG_WARN_BOOL_CONVERSION = YES;
				CLANG_WARN_COMMA = YES;
				CLANG_WARN_CONSTANT_CONVERSION = YES;
				CLANG_WARN_DEPRECATED_OBJC_IMPLEMENTATIONS = YES;
				CLANG_WARN_DIRECT_OBJC_ISA_USAGE = YES_ERROR;
				CLANG_WARN_DOCUMENTATION_COMMENTS = YES;
				CLANG_WARN_EMPTY_BODY = YES;
				CLANG_WARN_ENUM_CONVERSION = YES;
				CLANG_WARN_INFINITE_RECURSION = YES;
				CLANG_WARN_INT_CONVERSION = YES;
				CLANG_WARN_NON_LITERAL_NULL_CONVERSION = YES;
				CLANG_WARN_OBJC_IMPLICIT_RETAIN_SELF = YES;
				CLANG_WARN_OBJC_LITERAL_CONVERSION = YES;
				CLANG_WARN_OBJC_ROOT_CLASS = YES_ERROR;
				CLANG_WARN_QUOTED_INCLUDE_IN_FRAMEWORK_HEADER = YES;
				CLANG_WARN_RANGE_LOOP_ANALYSIS = YES;
				CLANG_WARN_STRICT_PROTOTYPES = YES;
				CLANG_WARN_SUSPICIOUS_MOVE = YES;
				CLANG_WARN_UNGUARDED_AVAILABILITY = YES_AGGRESSIVE;
				CLANG_WARN_UNREACHABLE_CODE = YES;
				CLANG_WARN__DUPLICATE_METHOD_MATCH = YES;
				COPY_PHASE_STRIP = NO;
				DEBUG_INFORMATION_FORMAT = "dwarf-with-dsym";
				ENABLE_NS_ASSERTIONS = NO;
				ENABLE_STRICT_OBJC_MSGSEND = YES;
				ENABLE_USER_SCRIPT_SANDBOXING = YES;
				GCC_C_LANGUAGE_STANDARD = gnu17;
				GCC_NO_COMMON_BLOCKS = YES;
				GCC_WARN_64_TO_32_BIT_CONVERSION = YES;
				GCC_WARN_ABOUT_RETURN_TYPE = YES_ERROR;
				GCC_WARN_UNDECLARED_SELECTOR = YES;
				GCC_WARN_UNINITIALIZED_AUTOS = YES_AGGRESSIVE;
				GCC_WARN_UNUSED_FUNCTION = YES;
				GCC_WARN_UNUSED_VARIABLE = YES;
				IPHONEOS_DEPLOYMENT_TARGET = 17.0;
				LOCALIZATION_PREFERS_STRING_CATALOGS = YES;
				MTL_ENABLE_DEBUG_INFO = NO;
				MTL_FAST_MATH = YES;
				SDKROOT = iphoneos;
				SWIFT_COMPILATION_MODE = wholemodule;
				VALIDATE_PRODUCT = YES;
			};
			name = Release;
		};
		7458EF4D2B1DF10500784C7F /* Debug */ = {
			isa = XCBuildConfiguration;
			buildSettings = {
				ASSETCATALOG_COMPILER_APPICON_NAME = AppIcon;
				ASSETCATALOG_COMPILER_GLOBAL_ACCENT_COLOR_NAME = AccentColor;
				CODE_SIGN_STYLE = Automatic;
				CURRENT_PROJECT_VERSION = 1;
				GENERATE_INFOPLIST_FILE = YES;
				INFOPLIST_FILE = PriceWise.v2/Info.plist;
				INFOPLIST_KEY_UIApplicationSupportsIndirectInputEvents = YES;
				INFOPLIST_KEY_UILaunchStoryboardName = LaunchScreen;
				INFOPLIST_KEY_UIMainStoryboardFile = Main;
				INFOPLIST_KEY_UISupportedInterfaceOrientations = UIInterfaceOrientationPortrait;
				INFOPLIST_KEY_UISupportedInterfaceOrientations_iPad = "UIInterfaceOrientationLandscapeLeft UIInterfaceOrientationLandscapeRight UIInterfaceOrientationPortrait UIInterfaceOrientationPortraitUpsideDown";
				LD_RUNPATH_SEARCH_PATHS = (
					"$(inherited)",
					"@executable_path/Frameworks",
				);
				MARKETING_VERSION = 1.0;
				PRODUCT_BUNDLE_IDENTIFIER = iOS.PriceWise;
				PRODUCT_NAME = "$(TARGET_NAME)";
				SWIFT_EMIT_LOC_STRINGS = YES;
				SWIFT_VERSION = 5.0;
				TARGETED_DEVICE_FAMILY = "1,2";
			};
			name = Debug;
		};
		7458EF4E2B1DF10500784C7F /* Release */ = {
			isa = XCBuildConfiguration;
			buildSettings = {
				ASSETCATALOG_COMPILER_APPICON_NAME = AppIcon;
				ASSETCATALOG_COMPILER_GLOBAL_ACCENT_COLOR_NAME = AccentColor;
				CODE_SIGN_STYLE = Automatic;
				CURRENT_PROJECT_VERSION = 1;
				GENERATE_INFOPLIST_FILE = YES;
				INFOPLIST_FILE = PriceWise.v2/Info.plist;
				INFOPLIST_KEY_UIApplicationSupportsIndirectInputEvents = YES;
				INFOPLIST_KEY_UILaunchStoryboardName = LaunchScreen;
				INFOPLIST_KEY_UIMainStoryboardFile = Main;
				INFOPLIST_KEY_UISupportedInterfaceOrientations = UIInterfaceOrientationPortrait;
				INFOPLIST_KEY_UISupportedInterfaceOrientations_iPad = "UIInterfaceOrientationLandscapeLeft UIInterfaceOrientationLandscapeRight UIInterfaceOrientationPortrait UIInterfaceOrientationPortraitUpsideDown";
				LD_RUNPATH_SEARCH_PATHS = (
					"$(inherited)",
					"@executable_path/Frameworks",
				);
				MARKETING_VERSION = 1.0;
				PRODUCT_BUNDLE_IDENTIFIER = iOS.PriceWise;
				PRODUCT_NAME = "$(TARGET_NAME)";
				SWIFT_EMIT_LOC_STRINGS = YES;
				SWIFT_VERSION = 5.0;
				TARGETED_DEVICE_FAMILY = "1,2";
			};
			name = Release;
		};
/* End XCBuildConfiguration section */

/* Begin XCConfigurationList section */
		7458EF332B1DF10300784C7F /* Build configuration list for PBXProject "PriceWise.v2" */ = {
			isa = XCConfigurationList;
			buildConfigurations = (
				7458EF4A2B1DF10500784C7F /* Debug */,
				7458EF4B2B1DF10500784C7F /* Release */,
			);
			defaultConfigurationIsVisible = 0;
			defaultConfigurationName = Release;
		};
		7458EF4C2B1DF10500784C7F /* Build configuration list for PBXNativeTarget "PriceWise.v2" */ = {
			isa = XCConfigurationList;
			buildConfigurations = (
				7458EF4D2B1DF10500784C7F /* Debug */,
				7458EF4E2B1DF10500784C7F /* Release */,
			);
			defaultConfigurationIsVisible = 0;
			defaultConfigurationName = Release;
		};
/* End XCConfigurationList section */

/* Begin XCRemoteSwiftPackageReference section */
		7458EF4F2B1E21C800784C7F /* XCRemoteSwiftPackageReference "firebase-ios-sdk" */ = {
			isa = XCRemoteSwiftPackageReference;
			repositoryURL = "https://github.com/firebase/firebase-ios-sdk.git";
			requirement = {
				kind = upToNextMajorVersion;
				minimumVersion = 10.18.0;
			};
		};
/* End XCRemoteSwiftPackageReference section */

/* Begin XCSwiftPackageProductDependency section */
		7458EF502B1E21C800784C7F /* FirebaseAnalytics */ = {
			isa = XCSwiftPackageProductDependency;
			package = 7458EF4F2B1E21C800784C7F /* XCRemoteSwiftPackageReference "firebase-ios-sdk" */;
			productName = FirebaseAnalytics;
		};
		7458EF522B1E21C800784C7F /* FirebaseAnalyticsOnDeviceConversion */ = {
			isa = XCSwiftPackageProductDependency;
			package = 7458EF4F2B1E21C800784C7F /* XCRemoteSwiftPackageReference "firebase-ios-sdk" */;
			productName = FirebaseAnalyticsOnDeviceConversion;
		};
		7458EF542B1E21C800784C7F /* FirebaseAnalyticsSwift */ = {
			isa = XCSwiftPackageProductDependency;
			package = 7458EF4F2B1E21C800784C7F /* XCRemoteSwiftPackageReference "firebase-ios-sdk" */;
			productName = FirebaseAnalyticsSwift;
		};
		7458EF562B1E21C800784C7F /* FirebaseAnalyticsWithoutAdIdSupport */ = {
			isa = XCSwiftPackageProductDependency;
			package = 7458EF4F2B1E21C800784C7F /* XCRemoteSwiftPackageReference "firebase-ios-sdk" */;
			productName = FirebaseAnalyticsWithoutAdIdSupport;
		};
		7458EF582B1E21C800784C7F /* FirebaseAppCheck */ = {
			isa = XCSwiftPackageProductDependency;
			package = 7458EF4F2B1E21C800784C7F /* XCRemoteSwiftPackageReference "firebase-ios-sdk" */;
			productName = FirebaseAppCheck;
		};
		7458EF5A2B1E21C800784C7F /* FirebaseAppDistribution-Beta */ = {
			isa = XCSwiftPackageProductDependency;
			package = 7458EF4F2B1E21C800784C7F /* XCRemoteSwiftPackageReference "firebase-ios-sdk" */;
			productName = "FirebaseAppDistribution-Beta";
		};
		7458EF5C2B1E21C800784C7F /* FirebaseAuth */ = {
			isa = XCSwiftPackageProductDependency;
			package = 7458EF4F2B1E21C800784C7F /* XCRemoteSwiftPackageReference "firebase-ios-sdk" */;
			productName = FirebaseAuth;
		};
		7458EF5E2B1E21C800784C7F /* FirebaseAuthCombine-Community */ = {
			isa = XCSwiftPackageProductDependency;
			package = 7458EF4F2B1E21C800784C7F /* XCRemoteSwiftPackageReference "firebase-ios-sdk" */;
			productName = "FirebaseAuthCombine-Community";
		};
		7458EF602B1E21C800784C7F /* FirebaseCrashlytics */ = {
			isa = XCSwiftPackageProductDependency;
			package = 7458EF4F2B1E21C800784C7F /* XCRemoteSwiftPackageReference "firebase-ios-sdk" */;
			productName = FirebaseCrashlytics;
		};
		7458EF622B1E21C800784C7F /* FirebaseDatabase */ = {
			isa = XCSwiftPackageProductDependency;
			package = 7458EF4F2B1E21C800784C7F /* XCRemoteSwiftPackageReference "firebase-ios-sdk" */;
			productName = FirebaseDatabase;
		};
		7458EF642B1E21C800784C7F /* FirebaseDatabaseSwift */ = {
			isa = XCSwiftPackageProductDependency;
			package = 7458EF4F2B1E21C800784C7F /* XCRemoteSwiftPackageReference "firebase-ios-sdk" */;
			productName = FirebaseDatabaseSwift;
		};
		7458EF662B1E21C800784C7F /* FirebaseDynamicLinks */ = {
			isa = XCSwiftPackageProductDependency;
			package = 7458EF4F2B1E21C800784C7F /* XCRemoteSwiftPackageReference "firebase-ios-sdk" */;
			productName = FirebaseDynamicLinks;
		};
		7458EF682B1E21C800784C7F /* FirebaseFirestore */ = {
			isa = XCSwiftPackageProductDependency;
			package = 7458EF4F2B1E21C800784C7F /* XCRemoteSwiftPackageReference "firebase-ios-sdk" */;
			productName = FirebaseFirestore;
		};
		7458EF6A2B1E21C800784C7F /* FirebaseFirestoreCombine-Community */ = {
			isa = XCSwiftPackageProductDependency;
			package = 7458EF4F2B1E21C800784C7F /* XCRemoteSwiftPackageReference "firebase-ios-sdk" */;
			productName = "FirebaseFirestoreCombine-Community";
		};
		7458EF6C2B1E21C800784C7F /* FirebaseFirestoreSwift */ = {
			isa = XCSwiftPackageProductDependency;
			package = 7458EF4F2B1E21C800784C7F /* XCRemoteSwiftPackageReference "firebase-ios-sdk" */;
			productName = FirebaseFirestoreSwift;
		};
		7458EF6E2B1E21C800784C7F /* FirebaseFunctions */ = {
			isa = XCSwiftPackageProductDependency;
			package = 7458EF4F2B1E21C800784C7F /* XCRemoteSwiftPackageReference "firebase-ios-sdk" */;
			productName = FirebaseFunctions;
		};
		7458EF702B1E21C800784C7F /* FirebaseFunctionsCombine-Community */ = {
			isa = XCSwiftPackageProductDependency;
			package = 7458EF4F2B1E21C800784C7F /* XCRemoteSwiftPackageReference "firebase-ios-sdk" */;
			productName = "FirebaseFunctionsCombine-Community";
		};
		7458EF722B1E21C800784C7F /* FirebaseInstallations */ = {
			isa = XCSwiftPackageProductDependency;
			package = 7458EF4F2B1E21C800784C7F /* XCRemoteSwiftPackageReference "firebase-ios-sdk" */;
			productName = FirebaseInstallations;
		};
		7458EF742B1E21C800784C7F /* FirebaseMLModelDownloader */ = {
			isa = XCSwiftPackageProductDependency;
			package = 7458EF4F2B1E21C800784C7F /* XCRemoteSwiftPackageReference "firebase-ios-sdk" */;
			productName = FirebaseMLModelDownloader;
		};
		7458EF762B1E21C800784C7F /* FirebasePerformance */ = {
			isa = XCSwiftPackageProductDependency;
			package = 7458EF4F2B1E21C800784C7F /* XCRemoteSwiftPackageReference "firebase-ios-sdk" */;
			productName = FirebasePerformance;
		};
		7458EF782B1E21C800784C7F /* FirebaseRemoteConfig */ = {
			isa = XCSwiftPackageProductDependency;
			package = 7458EF4F2B1E21C800784C7F /* XCRemoteSwiftPackageReference "firebase-ios-sdk" */;
			productName = FirebaseRemoteConfig;
		};
		7458EF7A2B1E21C800784C7F /* FirebaseRemoteConfigSwift */ = {
			isa = XCSwiftPackageProductDependency;
			package = 7458EF4F2B1E21C800784C7F /* XCRemoteSwiftPackageReference "firebase-ios-sdk" */;
			productName = FirebaseRemoteConfigSwift;
		};
		7458EF7C2B1E21C800784C7F /* FirebaseStorage */ = {
			isa = XCSwiftPackageProductDependency;
			package = 7458EF4F2B1E21C800784C7F /* XCRemoteSwiftPackageReference "firebase-ios-sdk" */;
			productName = FirebaseStorage;
		};
		7458EF7E2B1E21C800784C7F /* FirebaseStorageCombine-Community */ = {
			isa = XCSwiftPackageProductDependency;
			package = 7458EF4F2B1E21C800784C7F /* XCRemoteSwiftPackageReference "firebase-ios-sdk" */;
			productName = "FirebaseStorageCombine-Community";
		};
/* End XCSwiftPackageProductDependency section */
	};
	rootObject = 7458EF302B1DF10300784C7F /* Project object */;
}
